
Microsoft Visual Studio Solution File, Format Version 12.00
# Visual Studio Version 17
VisualStudioVersion = 17.5.33502.453
MinimumVisualStudioVersion = 10.0.40219.1
Project("{FAE04EC0-301F-11D3-BF4B-00C04F79EFBC}") = "AsuultWare", "AsuultWare\AsuultWare.csproj", "{775C7AA9-321E-43DD-8E41-3C2B7A70A7C2}"
EndProject
Global
	GlobalSection(SolutionConfigurationPlatforms) = preSolution
		Debug|Any CPU = Debug|Any CPU
		Release|Any CPU = Release|Any CPU
	EndGlobalSection
	GlobalSection(ProjectConfigurationPlatforms) = postSolution
		{775C7AA9-321E-43DD-8E41-3C2B7A70A7C2}.Debug|Any CPU.ActiveCfg = Debug|Any CPU
		{775C7AA9-321E-43DD-8E41-3C2B7A70A7C2}.Debug|Any CPU.Build.0 = Debug|Any CPU
		{775C7AA9-321E-43DD-8E41-3C2B7A70A7C2}.Release|Any CPU.ActiveCfg = Release|Any CPU
		{775C7AA9-321E-43DD-8E41-3C2B7A70A7C2}.Release|Any CPU.Build.0 = Release|Any CPU
	EndGlobalSection
	GlobalSection(SolutionProperties) = preSolution
		HideSolutionNode = FALSE
	EndGlobalSection
	GlobalSection(ExtensibilityGlobals) = postSolution
		SolutionGuid = {B05B0AD5-BCA4-4D80-AF0F-098465EED9FC}
	EndGlobalSection
EndGlobal
